
Microsoft Visual Studio Solution File, Format Version 12.00
# Visual Studio 15
VisualStudioVersion = 15.0.27703.2042
MinimumVisualStudioVersion = 10.0.40219.1
Project("{FAE04EC0-301F-11D3-BF4B-00C04F79EFBC}") = "CarrosEX2", "CarrosEX2\CarrosEX2.csproj", "{A14D212E-13D1-494A-96F3-7A95B772E963}"
EndProject
Global
	GlobalSection(SolutionConfigurationPlatforms) = preSolution
		Debug|Any CPU = Debug|Any CPU
		Release|Any CPU = Release|Any CPU
	EndGlobalSection
	GlobalSection(ProjectConfigurationPlatforms) = postSolution
		{A14D212E-13D1-494A-96F3-7A95B772E963}.Debug|Any CPU.ActiveCfg = Debug|Any CPU
		{A14D212E-13D1-494A-96F3-7A95B772E963}.Debug|Any CPU.Build.0 = Debug|Any CPU
		{A14D212E-13D1-494A-96F3-7A95B772E963}.Release|Any CPU.ActiveCfg = Release|Any CPU
		{A14D212E-13D1-494A-96F3-7A95B772E963}.Release|Any CPU.Build.0 = Release|Any CPU
	EndGlobalSection
	GlobalSection(SolutionProperties) = preSolution
		HideSolutionNode = FALSE
	EndGlobalSection
	GlobalSection(ExtensibilityGlobals) = postSolution
		SolutionGuid = {90D5C90F-558A-43E8-A575-6BF3FB486364}
	EndGlobalSection
EndGlobal
